
Microsoft Visual Studio Solution File, Format Version 12.00
# Visual Studio Version 16
VisualStudioVersion = 16.0.30717.126
MinimumVisualStudioVersion = 10.0.40219.1
Project("{FAE04EC0-301F-11D3-BF4B-00C04F79EFBC}") = "ShopAssist_P2PTester", "ShopAssist_P2PTester.csproj", "{251F4E1A-65C3-462D-BBE9-F465ED2D794C}"
EndProject
Global
	GlobalSection(SolutionConfigurationPlatforms) = preSolution
		Debug|Any CPU = Debug|Any CPU
		Release|Any CPU = Release|Any CPU
	EndGlobalSection
	GlobalSection(ProjectConfigurationPlatforms) = postSolution
		{251F4E1A-65C3-462D-BBE9-F465ED2D794C}.Debug|Any CPU.ActiveCfg = Debug|Any CPU
		{251F4E1A-65C3-462D-BBE9-F465ED2D794C}.Debug|Any CPU.Build.0 = Debug|Any CPU
		{251F4E1A-65C3-462D-BBE9-F465ED2D794C}.Release|Any CPU.ActiveCfg = Release|Any CPU
		{251F4E1A-65C3-462D-BBE9-F465ED2D794C}.Release|Any CPU.Build.0 = Release|Any CPU
	EndGlobalSection
	GlobalSection(SolutionProperties) = preSolution
		HideSolutionNode = FALSE
	EndGlobalSection
	GlobalSection(ExtensibilityGlobals) = postSolution
		SolutionGuid = {C172F828-4C04-4A9B-B0A2-305FE4374F11}
	EndGlobalSection
EndGlobal
